
Microsoft Visual Studio Solution File, Format Version 12.00
# Visual Studio Version 17
VisualStudioVersion = 17.13.35913.81 d17.13
MinimumVisualStudioVersion = 10.0.40219.1
Project("{FAE04EC0-301F-11D3-BF4B-00C04F79EFBC}") = "ExCalcularIMC", "ExCalcularIMC\ExCalcularIMC.csproj", "{725E477E-6077-47A2-A205-B11CCB4DDC1C}"
EndProject
Global
	GlobalSection(SolutionConfigurationPlatforms) = preSolution
		Debug|Any CPU = Debug|Any CPU
		Release|Any CPU = Release|Any CPU
	EndGlobalSection
	GlobalSection(ProjectConfigurationPlatforms) = postSolution
		{725E477E-6077-47A2-A205-B11CCB4DDC1C}.Debug|Any CPU.ActiveCfg = Debug|Any CPU
		{725E477E-6077-47A2-A205-B11CCB4DDC1C}.Debug|Any CPU.Build.0 = Debug|Any CPU
		{725E477E-6077-47A2-A205-B11CCB4DDC1C}.Release|Any CPU.ActiveCfg = Release|Any CPU
		{725E477E-6077-47A2-A205-B11CCB4DDC1C}.Release|Any CPU.Build.0 = Release|Any CPU
	EndGlobalSection
	GlobalSection(SolutionProperties) = preSolution
		HideSolutionNode = FALSE
	EndGlobalSection
	GlobalSection(ExtensibilityGlobals) = postSolution
		SolutionGuid = {A80E9260-451A-46A1-B171-1D25A665A271}
	EndGlobalSection
EndGlobal
