
Microsoft Visual Studio Solution File, Format Version 12.00
# Visual Studio Version 17
VisualStudioVersion = 17.13.35913.81 d17.13
MinimumVisualStudioVersion = 10.0.40219.1
Project("{FAE04EC0-301F-11D3-BF4B-00C04F79EFBC}") = "ExSequenciaFibonacci", "ExSequenciaFibonacci\ExSequenciaFibonacci.csproj", "{5731FF4B-0743-4690-ADFA-5E100C5664BD}"
EndProject
Global
	GlobalSection(SolutionConfigurationPlatforms) = preSolution
		Debug|Any CPU = Debug|Any CPU
		Release|Any CPU = Release|Any CPU
	EndGlobalSection
	GlobalSection(ProjectConfigurationPlatforms) = postSolution
		{5731FF4B-0743-4690-ADFA-5E100C5664BD}.Debug|Any CPU.ActiveCfg = Debug|Any CPU
		{5731FF4B-0743-4690-ADFA-5E100C5664BD}.Debug|Any CPU.Build.0 = Debug|Any CPU
		{5731FF4B-0743-4690-ADFA-5E100C5664BD}.Release|Any CPU.ActiveCfg = Release|Any CPU
		{5731FF4B-0743-4690-ADFA-5E100C5664BD}.Release|Any CPU.Build.0 = Release|Any CPU
	EndGlobalSection
	GlobalSection(SolutionProperties) = preSolution
		HideSolutionNode = FALSE
	EndGlobalSection
	GlobalSection(ExtensibilityGlobals) = postSolution
		SolutionGuid = {4A3BC01F-DC65-4EA9-8814-E0F9F9A37CF5}
	EndGlobalSection
EndGlobal
